
Microsoft Visual Studio Solution File, Format Version 12.00
# Visual Studio Version 17
VisualStudioVersion = 17.4.33213.308
MinimumVisualStudioVersion = 10.0.40219.1
Project("{FAE04EC0-301F-11D3-BF4B-00C04F79EFBC}") = "FibonacciAverage", "FibonacciAverage\FibonacciAverage.csproj", "{6B4437D1-D6DE-4B56-8F88-6F2D17FCE651}"
EndProject
Global
	GlobalSection(SolutionConfigurationPlatforms) = preSolution
		Debug|Any CPU = Debug|Any CPU
		Release|Any CPU = Release|Any CPU
	EndGlobalSection
	GlobalSection(ProjectConfigurationPlatforms) = postSolution
		{6B4437D1-D6DE-4B56-8F88-6F2D17FCE651}.Debug|Any CPU.ActiveCfg = Debug|Any CPU
		{6B4437D1-D6DE-4B56-8F88-6F2D17FCE651}.Debug|Any CPU.Build.0 = Debug|Any CPU
		{6B4437D1-D6DE-4B56-8F88-6F2D17FCE651}.Release|Any CPU.ActiveCfg = Release|Any CPU
		{6B4437D1-D6DE-4B56-8F88-6F2D17FCE651}.Release|Any CPU.Build.0 = Release|Any CPU
	EndGlobalSection
	GlobalSection(SolutionProperties) = preSolution
		HideSolutionNode = FALSE
	EndGlobalSection
	GlobalSection(ExtensibilityGlobals) = postSolution
		SolutionGuid = {4ECD3E66-3E83-4D25-9ABA-582C1F1EC3FE}
	EndGlobalSection
EndGlobal
